
Microsoft Visual Studio Solution File, Format Version 12.00
# Visual Studio 14
VisualStudioVersion = 14.0.24720.0
MinimumVisualStudioVersion = 10.0.40219.1
Project("{FAE04EC0-301F-11D3-BF4B-00C04F79EFBC}") = "PusherTest", "PusherTest\PusherTest.csproj", "{28B6CA1A-1700-45F3-B8CA-B6C5CDB8E1EE}"
EndProject
Global
	GlobalSection(SolutionConfigurationPlatforms) = preSolution
		Debug|Any CPU = Debug|Any CPU
		Release|Any CPU = Release|Any CPU
	EndGlobalSection
	GlobalSection(ProjectConfigurationPlatforms) = postSolution
		{28B6CA1A-1700-45F3-B8CA-B6C5CDB8E1EE}.Debug|Any CPU.ActiveCfg = Debug|Any CPU
		{28B6CA1A-1700-45F3-B8CA-B6C5CDB8E1EE}.Debug|Any CPU.Build.0 = Debug|Any CPU
		{28B6CA1A-1700-45F3-B8CA-B6C5CDB8E1EE}.Release|Any CPU.ActiveCfg = Release|Any CPU
		{28B6CA1A-1700-45F3-B8CA-B6C5CDB8E1EE}.Release|Any CPU.Build.0 = Release|Any CPU
	EndGlobalSection
	GlobalSection(SolutionProperties) = preSolution
		HideSolutionNode = FALSE
	EndGlobalSection
EndGlobal
